
Microsoft Visual Studio Solution File, Format Version 12.00
# Visual Studio 14
VisualStudioVersion = 14.0.24720.0
MinimumVisualStudioVersion = 10.0.40219.1
Project("{FAE04EC0-301F-11D3-BF4B-00C04F79EFBC}") = "SuperQuick", "SuperQuick\SuperQuick.csproj", "{47C1FA7B-F8B8-49F6-B488-C15902C74D1A}"
EndProject
Project("{FAE04EC0-301F-11D3-BF4B-00C04F79EFBC}") = "SuperQuick.Tests", "SuperQuick.Tests\SuperQuick.Tests.csproj", "{4FDC6298-E85F-4ACD-97EB-89E9C93F7B6E}"
EndProject
Global
	GlobalSection(SolutionConfigurationPlatforms) = preSolution
		Debug|Any CPU = Debug|Any CPU
		Release|Any CPU = Release|Any CPU
	EndGlobalSection
	GlobalSection(ProjectConfigurationPlatforms) = postSolution
		{47C1FA7B-F8B8-49F6-B488-C15902C74D1A}.Debug|Any CPU.ActiveCfg = Debug|Any CPU
		{47C1FA7B-F8B8-49F6-B488-C15902C74D1A}.Debug|Any CPU.Build.0 = Debug|Any CPU
		{47C1FA7B-F8B8-49F6-B488-C15902C74D1A}.Release|Any CPU.ActiveCfg = Release|Any CPU
		{47C1FA7B-F8B8-49F6-B488-C15902C74D1A}.Release|Any CPU.Build.0 = Release|Any CPU
		{4FDC6298-E85F-4ACD-97EB-89E9C93F7B6E}.Debug|Any CPU.ActiveCfg = Debug|Any CPU
		{4FDC6298-E85F-4ACD-97EB-89E9C93F7B6E}.Debug|Any CPU.Build.0 = Debug|Any CPU
		{4FDC6298-E85F-4ACD-97EB-89E9C93F7B6E}.Release|Any CPU.ActiveCfg = Release|Any CPU
		{4FDC6298-E85F-4ACD-97EB-89E9C93F7B6E}.Release|Any CPU.Build.0 = Release|Any CPU
	EndGlobalSection
	GlobalSection(SolutionProperties) = preSolution
		HideSolutionNode = FALSE
	EndGlobalSection
EndGlobal
